
Microsoft Visual Studio Solution File, Format Version 12.00
# Visual Studio Version 17
VisualStudioVersion = 17.9.34701.34
MinimumVisualStudioVersion = 10.0.40219.1
Project("{FAE04EC0-301F-11D3-BF4B-00C04F79EFBC}") = "CryptoSwaperBAZA", "CryptoSwaperBAZA.csproj", "{107ADCC9-EA50-4226-BB85-FD7CEE62EACA}"
EndProject
Global
	GlobalSection(SolutionConfigurationPlatforms) = preSolution
		Debug|Any CPU = Debug|Any CPU
		Release|Any CPU = Release|Any CPU
	EndGlobalSection
	GlobalSection(ProjectConfigurationPlatforms) = postSolution
		{107ADCC9-EA50-4226-BB85-FD7CEE62EACA}.Debug|Any CPU.ActiveCfg = Debug|Any CPU
		{107ADCC9-EA50-4226-BB85-FD7CEE62EACA}.Debug|Any CPU.Build.0 = Debug|Any CPU
		{107ADCC9-EA50-4226-BB85-FD7CEE62EACA}.Release|Any CPU.ActiveCfg = Release|Any CPU
		{107ADCC9-EA50-4226-BB85-FD7CEE62EACA}.Release|Any CPU.Build.0 = Release|Any CPU
	EndGlobalSection
	GlobalSection(SolutionProperties) = preSolution
		HideSolutionNode = FALSE
	EndGlobalSection
	GlobalSection(ExtensibilityGlobals) = postSolution
		SolutionGuid = {A9D711B7-0EA8-4239-AD19-88FB692B42AC}
	EndGlobalSection
EndGlobal
